<?xml version="1.0" encoding="utf-8"?>
<Project ToolsVersion="4.0" xmlns="http://schemas.microsoft.com/developer/msbuild/2003">
  <ItemGroup>
    <Filter Include="Source Files">
      <UniqueIdentifier>{4FC737F1-C7A5-4376-A066-2A32D752A2FF}</UniqueIdentifier>
      <Extensions>cpp;c;cc;cxx;def;odl;idl;hpj;bat;asm;asmx</Extensions>
    </Filter>
    <Filter Include="Header Files">
      <UniqueIdentifier>{93995380-89BD-4b04-88EB-625FBE52EBFB}</UniqueIdentifier>
      <Extensions>h;hh;hpp;hxx;hm;inl;inc;xsd</Extensions>
    </Filter>
    <Filter Include="Resource Files">
      <UniqueIdentifier>{67DA6AB6-F800-4c08-8B7A-83BB121AAD01}</UniqueIdentifier>
      <Extensions>rc;ico;cur;bmp;dlg;rc2;rct;bin;rgs;gif;jpg;jpeg;jpe;resx;tiff;tif;png;wav;mfcribbon-ms</Extensions>
    </Filter>
    <Filter Include="FrameWork">
      <UniqueIdentifier>{f19740e7-5898-4a94-af33-c387cce8e52d}</UniqueIdentifier>
    </Filter>
    <Filter Include="FrameWork\GameComponents">
      <UniqueIdentifier>{e94c4809-ea46-4dd1-b69c-5b02b79acfcd}</UniqueIdentifier>
    </Filter>
    <Filter Include="FrameWork\GameControllers">
      <UniqueIdentifier>{29bf4744-0cac-440d-b21b-e3ed6ed3576e}</UniqueIdentifier>
    </Filter>
    <Filter Include="FrameWork\Scenes">
      <UniqueIdentifier>{681b7c5a-064f-4bdb-909d-5f6e8b1bbb57}</UniqueIdentifier>
    </Filter>
    <Filter Include="FrameWork\GameObjects">
      <UniqueIdentifier>{a6df5e1d-e15a-4918-9675-2b7f6465631b}</UniqueIdentifier>
    </Filter>
    <Filter Include="FrameWork\GameObjects\Player">
      <UniqueIdentifier>{a2e6bdfa-66ea-421b-8440-a143e55c6795}</UniqueIdentifier>
    </Filter>
    <Filter Include="FrameWork\GameDefines">
      <UniqueIdentifier>{400cf8a8-7608-466d-917c-e44abe8655ee}</UniqueIdentifier>
    </Filter>
  </ItemGroup>
  <ItemGroup>
    <ClCompile Include="main.cpp">
      <Filter>Source Files</Filter>
    </ClCompile>
    <ClCompile Include="GameGlobal.cpp">
      <Filter>FrameWork\GameComponents</Filter>
    </ClCompile>
    <ClCompile Include="GameTime.cpp">
      <Filter>FrameWork\GameComponents</Filter>
    </ClCompile>
    <ClCompile Include="Game.cpp">
      <Filter>FrameWork\GameComponents</Filter>
    </ClCompile>
    <ClCompile Include="SceneManager.cpp">
      <Filter>FrameWork\GameControllers</Filter>
    </ClCompile>
    <ClCompile Include="TestScene.cpp">
      <Filter>FrameWork\Scenes</Filter>
    </ClCompile>
    <ClCompile Include="Scene.cpp">
      <Filter>FrameWork\GameComponents</Filter>
    </ClCompile>
    <ClCompile Include="Sprite.cpp">
      <Filter>FrameWork\GameComponents</Filter>
    </ClCompile>
    <ClCompile Include="Animation.cpp">
      <Filter>FrameWork\GameComponents</Filter>
    </ClCompile>
    <ClCompile Include="Camera.cpp">
      <Filter>FrameWork\GameComponents</Filter>
    </ClCompile>
    <ClCompile Include="Player.cpp">
      <Filter>FrameWork\GameObjects\Player</Filter>
    </ClCompile>
    <ClCompile Include="Entity.cpp">
      <Filter>FrameWork\GameObjects</Filter>
    </ClCompile>
  </ItemGroup>
  <ItemGroup>
    <ClInclude Include="GameTime.h">
      <Filter>FrameWork\GameComponents</Filter>
    </ClInclude>
    <ClInclude Include="GameGlobal.h">
      <Filter>FrameWork\GameComponents</Filter>
    </ClInclude>
    <ClInclude Include="Game.h">
      <Filter>FrameWork\GameComponents</Filter>
    </ClInclude>
    <ClInclude Include="SceneManager.h">
      <Filter>FrameWork\GameControllers</Filter>
    </ClInclude>
    <ClInclude Include="TestScene.h">
      <Filter>FrameWork\Scenes</Filter>
    </ClInclude>
    <ClInclude Include="Scene.h">
      <Filter>FrameWork\GameComponents</Filter>
    </ClInclude>
    <ClInclude Include="Sprite.h">
      <Filter>FrameWork\GameComponents</Filter>
    </ClInclude>
    <ClInclude Include="Animation.h">
      <Filter>FrameWork\GameComponents</Filter>
    </ClInclude>
    <ClInclude Include="Camera.h">
      <Filter>FrameWork\GameComponents</Filter>
    </ClInclude>
    <ClInclude Include="Player.h">
      <Filter>FrameWork\GameObjects\Player</Filter>
    </ClInclude>
    <ClInclude Include="Entity.h">
      <Filter>FrameWork\GameObjects</Filter>
    </ClInclude>
    <ClInclude Include="GameDefine.h">
      <Filter>FrameWork\GameDefines</Filter>
    </ClInclude>
  </ItemGroup>
</Project>